
Microsoft Visual Studio Solution File, Format Version 12.00
# Visual Studio Version 16
VisualStudioVersion = 16.0.31313.79
MinimumVisualStudioVersion = 10.0.40219.1
Project("{FAE04EC0-301F-11D3-BF4B-00C04F79EFBC}") = "AssignmentMVC", "AssignmentMVC\AssignmentMVC.csproj", "{C193B426-8153-49E8-BA75-302BAAE66291}"
EndProject
Global
	GlobalSection(SolutionConfigurationPlatforms) = preSolution
		Debug|Any CPU = Debug|Any CPU
		Release|Any CPU = Release|Any CPU
	EndGlobalSection
	GlobalSection(ProjectConfigurationPlatforms) = postSolution
		{C193B426-8153-49E8-BA75-302BAAE66291}.Debug|Any CPU.ActiveCfg = Debug|Any CPU
		{C193B426-8153-49E8-BA75-302BAAE66291}.Debug|Any CPU.Build.0 = Debug|Any CPU
		{C193B426-8153-49E8-BA75-302BAAE66291}.Release|Any CPU.ActiveCfg = Release|Any CPU
		{C193B426-8153-49E8-BA75-302BAAE66291}.Release|Any CPU.Build.0 = Release|Any CPU
	EndGlobalSection
	GlobalSection(SolutionProperties) = preSolution
		HideSolutionNode = FALSE
	EndGlobalSection
	GlobalSection(ExtensibilityGlobals) = postSolution
		SolutionGuid = {F7914B4A-541F-41D3-B97F-839FC7114149}
	EndGlobalSection
EndGlobal
